{
  "projects": [
    {
      "projectId": "58GpZjZCWTaJ8AUhpCwt2K",
      "version": "3.25.0",
      "dependencies": {},
      "lang": "ts",
      "fileLocks": [
        {
          "assetId": "58GpZjZCWTaJ8AUhpCwt2K",
          "type": "projectCss",
          "checksum": "1f73b697edde7e05afb0dbd986b8b29c"
        }
      ],
      "codegenVersion": "0.0.1"
    },
    {
      "projectId": "ohDidvG9XsCeFumugENU3J",
      "version": "6.24.0",
      "dependencies": {},
      "lang": "ts",
      "fileLocks": [
        {
          "assetId": "ohDidvG9XsCeFumugENU3J",
          "type": "projectCss",
          "checksum": "fd83b730367fdbde2c69bc6cf31c2a3c"
        },
        {
          "assetId": "ohDidvG9XsCeFumugENU3J",
          "checksum": "de0a0e65174a6a185a8f822af51c6bdd",
          "type": "globalContexts"
        }
      ],
      "codegenVersion": "0.0.1"
    },
    {
      "projectId": "3m3vFk1dnCzZnwT8k489Jy",
      "version": "0.3.0",
      "dependencies": {},
      "lang": "ts",
      "fileLocks": [
        {
          "assetId": "3m3vFk1dnCzZnwT8k489Jy",
          "type": "projectCss",
          "checksum": "e1ec850476829c38b0f9b6d4f7ac446a"
        }
      ],
      "codegenVersion": "0.0.1"
    },
    {
      "projectId": "sqPBLwEBBKHA2WDuGb17eV",
      "version": "0.12.0",
      "dependencies": {},
      "lang": "ts",
      "fileLocks": [
        {
          "assetId": "sqPBLwEBBKHA2WDuGb17eV",
          "type": "projectCss",
          "checksum": "e1ec850476829c38b0f9b6d4f7ac446a"
        },
        {
          "type": "renderModule",
          "assetId": "5nirPCGmCnRD",
          "checksum": "6dfce6e009ab54e882e11f422c08b611"
        },
        {
          "type": "cssRules",
          "assetId": "5nirPCGmCnRD",
          "checksum": "6dfce6e009ab54e882e11f422c08b611"
        },
        {
          "type": "icon",
          "assetId": "Wyt3GMMsLefj",
          "checksum": "d8c88f04735c43b3f7790b0889d20e0c"
        },
        {
          "type": "icon",
          "assetId": "MbDRsJU0e3bw",
          "checksum": "92672aa6935120ebaac11939d8d127bb"
        }
      ],
      "codegenVersion": "0.0.1"
    },
    {
      "projectId": "9Vr5YWkf3w7jj6SsTcCEta",
      "version": "0.10.0",
      "dependencies": {},
      "lang": "ts",
      "fileLocks": [
        {
          "assetId": "9Vr5YWkf3w7jj6SsTcCEta",
          "type": "projectCss",
          "checksum": "e1ec850476829c38b0f9b6d4f7ac446a"
        }
      ],
      "codegenVersion": "0.0.1"
    },
    {
      "projectId": "caTPwKxj5ZrD9LQ7DMdK4Z",
      "version": "3.36.0",
      "dependencies": {},
      "lang": "ts",
      "fileLocks": [
        {
          "assetId": "caTPwKxj5ZrD9LQ7DMdK4Z",
          "type": "projectCss",
          "checksum": "e1ec850476829c38b0f9b6d4f7ac446a"
        }
      ],
      "codegenVersion": "0.0.1"
    },
    {
      "projectId": "gLnoj82AzKVVT7qXiqAbHD",
      "version": "2.11.0",
      "dependencies": {},
      "lang": "ts",
      "fileLocks": [
        {
          "assetId": "gLnoj82AzKVVT7qXiqAbHD",
          "type": "projectCss",
          "checksum": "e1ec850476829c38b0f9b6d4f7ac446a"
        },
        {
          "type": "renderModule",
          "assetId": "lBHNzts6tFyj",
          "checksum": "23a3f5ba190ca0148ffcc66137739d36"
        },
        {
          "type": "cssRules",
          "assetId": "lBHNzts6tFyj",
          "checksum": "23a3f5ba190ca0148ffcc66137739d36"
        },
        {
          "type": "icon",
          "assetId": "zq2s7N0xWucT",
          "checksum": "61b12414624174db4cd2e3e683119fcb"
        },
        {
          "type": "icon",
          "assetId": "8K40faRNhuCj",
          "checksum": "4fedd32cd8730884585d804464a39318"
        }
      ],
      "codegenVersion": "0.0.1"
    },
    {
      "projectId": "r3ASNrnyvLLLAtDvzUioQ",
      "version": "4.5.0",
      "dependencies": {},
      "lang": "ts",
      "fileLocks": [
        {
          "assetId": "r3ASNrnyvLLLAtDvzUioQ",
          "type": "projectCss",
          "checksum": "e1ec850476829c38b0f9b6d4f7ac446a"
        }
      ],
      "codegenVersion": "0.0.1"
    },
    {
      "projectId": "8PtdGodUbexNYgkuyBUcWu",
      "version": "3.24.0",
      "dependencies": {},
      "lang": "ts",
      "fileLocks": [
        {
          "assetId": "8PtdGodUbexNYgkuyBUcWu",
          "type": "projectCss",
          "checksum": "938244692ddaafd351b253f33afb418e"
        },
        {
          "assetId": "8PtdGodUbexNYgkuyBUcWu",
          "checksum": "34a063f27f0b27a7d1d344bc6b5252c5",
          "type": "globalContexts"
        }
      ],
      "codegenVersion": "0.0.1"
    },
    {
      "projectId": "7nJ7UcFmq9UzB6eXfC5z4a",
      "version": "0.28.0",
      "dependencies": {},
      "lang": "ts",
      "fileLocks": [
        {
          "assetId": "7nJ7UcFmq9UzB6eXfC5z4a",
          "type": "projectCss",
          "checksum": "806e75b741d37c4c53b87355cf8dfab1"
        }
      ],
      "codegenVersion": "0.0.1"
    },
    {
      "projectId": "c4FCQiVEmUqfPef3MjSmg8",
      "version": "latest",
      "dependencies": {
        "7nJ7UcFmq9UzB6eXfC5z4a": "0.28.0",
        "8PtdGodUbexNYgkuyBUcWu": "3.24.0",
        "r3ASNrnyvLLLAtDvzUioQ": "4.5.0",
        "gLnoj82AzKVVT7qXiqAbHD": "2.11.0",
        "caTPwKxj5ZrD9LQ7DMdK4Z": "3.36.0",
        "9Vr5YWkf3w7jj6SsTcCEta": "0.10.0",
        "sqPBLwEBBKHA2WDuGb17eV": "0.12.0",
        "3m3vFk1dnCzZnwT8k489Jy": "0.3.0",
        "ohDidvG9XsCeFumugENU3J": "6.24.0",
        "58GpZjZCWTaJ8AUhpCwt2K": "3.25.0"
      },
      "lang": "ts",
      "fileLocks": [
        {
          "type": "globalVariant",
          "assetId": "QExrow-76Zrl",
          "checksum": "3faff694d5ac7ee0f50093808d6d7c1f"
        },
        {
          "assetId": "c4FCQiVEmUqfPef3MjSmg8",
          "checksum": "10e6791a1db9ddce89d3f7020c2f56f1",
          "type": "globalContexts"
        },
        {
          "type": "renderModule",
          "assetId": "SDagfCRh-2CQ",
          "checksum": "fbd64d5961bfcc47eae0baf5bf0c479d"
        },
        {
          "type": "cssRules",
          "assetId": "SDagfCRh-2CQ",
          "checksum": "fbd64d5961bfcc47eae0baf5bf0c479d"
        },
        {
          "type": "renderModule",
          "assetId": "WoUXpKFRVp6X",
          "checksum": "af20c1e3a8f4fb5cb55549da9942599a"
        },
        {
          "type": "cssRules",
          "assetId": "WoUXpKFRVp6X",
          "checksum": "af20c1e3a8f4fb5cb55549da9942599a"
        },
        {
          "type": "renderModule",
          "assetId": "hSQBkSnUA7tC",
          "checksum": "403fa48d6ce04ab1d96961c2260ca295"
        },
        {
          "type": "cssRules",
          "assetId": "hSQBkSnUA7tC",
          "checksum": "403fa48d6ce04ab1d96961c2260ca295"
        },
        {
          "type": "renderModule",
          "assetId": "cOK-sZ_QtzrG",
          "checksum": "f3900232df3812e8e6f605f104206c08"
        },
        {
          "type": "cssRules",
          "assetId": "cOK-sZ_QtzrG",
          "checksum": "f3900232df3812e8e6f605f104206c08"
        },
        {
          "type": "renderModule",
          "assetId": "DZgqSGOmUHCw",
          "checksum": "e1d4635e86fad74c3ab3e714cd6926cc"
        },
        {
          "type": "cssRules",
          "assetId": "DZgqSGOmUHCw",
          "checksum": "e1d4635e86fad74c3ab3e714cd6926cc"
        },
        {
          "type": "renderModule",
          "assetId": "LBDmPWl-ib2_",
          "checksum": "38078e1b1236295b4ca16966f98f6bd4"
        },
        {
          "type": "cssRules",
          "assetId": "LBDmPWl-ib2_",
          "checksum": "38078e1b1236295b4ca16966f98f6bd4"
        },
        {
          "type": "renderModule",
          "assetId": "LYvWchZIK2Ry",
          "checksum": "0d9f50b3dbbc3e78ec85e5695ebee37c"
        },
        {
          "type": "cssRules",
          "assetId": "LYvWchZIK2Ry",
          "checksum": "0d9f50b3dbbc3e78ec85e5695ebee37c"
        },
        {
          "type": "renderModule",
          "assetId": "A_9WkEXTeBXf",
          "checksum": "dc603e07b4010c2d116df9ad5d16d46b"
        },
        {
          "type": "cssRules",
          "assetId": "A_9WkEXTeBXf",
          "checksum": "dc603e07b4010c2d116df9ad5d16d46b"
        },
        {
          "type": "icon",
          "assetId": "wSb16lybm7DS",
          "checksum": "974a5d08116e515a5ec5808a8a3464bd"
        },
        {
          "type": "icon",
          "assetId": "m3IaC3t3OSQT",
          "checksum": "a86f0d6f3ba4b14de25ff1afe8e94477"
        },
        {
          "type": "icon",
          "assetId": "YmZHPP8Bqtaf",
          "checksum": "0fa2f2b8cf694fbce46b600d1b0b535a"
        },
        {
          "type": "icon",
          "assetId": "jkqfVWSlYrIo",
          "checksum": "eec6e05cd900bba452f12129534f129e"
        },
        {
          "type": "icon",
          "assetId": "VOYVMBHHCe1x",
          "checksum": "105794fd6e9d79adfa9174e2c6065ca3"
        },
        {
          "type": "icon",
          "assetId": "in6WJerUDdTP",
          "checksum": "658ad317fa644462e9abe74d27b8f7ac"
        },
        {
          "type": "icon",
          "assetId": "s4a-67yLiToA",
          "checksum": "e7b26b7176421589c065954d56d28f90"
        },
        {
          "type": "icon",
          "assetId": "sfNwiAVmVopy",
          "checksum": "241948e32c4da79f274f408dfe58e015"
        },
        {
          "type": "icon",
          "assetId": "Q0hRG03xqhKN",
          "checksum": "7b030a66d005d27bb30a378d90ec38f3"
        },
        {
          "type": "icon",
          "assetId": "CMzMFyQAU2zL",
          "checksum": "201c519e7ff7386ae460bf9e4a64cf87"
        },
        {
          "type": "icon",
          "assetId": "zAgTD6D2FbNQ",
          "checksum": "c9d3a460a3fccfc31ee73da5f70e532d"
        },
        {
          "type": "icon",
          "assetId": "vID2EYJV2vDv",
          "checksum": "02284458b9fe357cbe391cac141ac4e1"
        },
        {
          "type": "icon",
          "assetId": "dW6yKXuCsOFn",
          "checksum": "f6650c0c864ce73ca13407b81b1a8707"
        },
        {
          "type": "icon",
          "assetId": "KfOx3sjegCpM",
          "checksum": "55d2e7bd1d7cc6d274bf2bea69c8ef0b"
        },
        {
          "type": "icon",
          "assetId": "2WuieSfmuHzI",
          "checksum": "1e2b76f3f0a0dcffd43ae1e41fc42fa7"
        },
        {
          "type": "image",
          "assetId": "Y2E9VO7XasNC",
          "checksum": "5a32639c44c86d47d2b824039776fd73"
        },
        {
          "type": "image",
          "assetId": "9dO1QBh7rZQK",
          "checksum": "b7b202f9aff49e3a8004c2d91820c91e"
        },
        {
          "type": "image",
          "assetId": "Tos4btchexKP",
          "checksum": "9c5f2dc992f30884bda76ee6b9f6dea2"
        },
        {
          "type": "image",
          "assetId": "9IFZhfTGnbaE",
          "checksum": "c8106cde218f157a8f84e771f43662fd"
        },
        {
          "type": "image",
          "assetId": "n3NnEH3rYLYe",
          "checksum": "039c07c85e5d929a6be8948f92306314"
        },
        {
          "type": "image",
          "assetId": "JPfy5GAEIuDb",
          "checksum": "105f9e506dbad00226f8fd8988e53756"
        },
        {
          "type": "image",
          "assetId": "U9abXKJDbj_q",
          "checksum": "1f6fdbabf1f5e96dac9a5cc23ef3723d"
        },
        {
          "type": "image",
          "assetId": "xp7QH9KcS0US",
          "checksum": "df951be7d812d44f4c6d7f022764710d"
        },
        {
          "type": "image",
          "assetId": "h2Xl1YqGwO04",
          "checksum": "deebdca7cb2f95c81ad704018b1c0d73"
        },
        {
          "type": "image",
          "assetId": "lPHu_Kb-Dave",
          "checksum": "2e36fcc97b0ecd5e40e156be6e2974f5"
        },
        {
          "type": "image",
          "assetId": "giBafnaUT62P",
          "checksum": "231fb9274944224caebda9d59cbb8809"
        },
        {
          "type": "image",
          "assetId": "xZzPnN4Mthzg",
          "checksum": "6c6a15fac35cd012cec6f31610ce6564"
        },
        {
          "type": "image",
          "assetId": "XpthoOmu39IN",
          "checksum": "f2c592d9933263e4ddce4cdcd35f7f1c"
        },
        {
          "type": "image",
          "assetId": "3QienHzw9R7d",
          "checksum": "ed50a0b562ce97ebae3bfc6fb6402b11"
        },
        {
          "type": "image",
          "assetId": "g613dAaDmF0v",
          "checksum": "7a017d1d0bc520f5d8a16c81090677e0"
        },
        {
          "type": "image",
          "assetId": "L-8EOxG_Cs71",
          "checksum": "13dbeee9a76118a81359c823378c14b1"
        },
        {
          "type": "image",
          "assetId": "uLq-2BhzNHrf",
          "checksum": "7e738532afd7fba125b4ff2c56f2a998"
        },
        {
          "type": "image",
          "assetId": "4Bhbs5L9zzXg",
          "checksum": "728017ae1cddee741f9a365f10e283e3"
        },
        {
          "type": "image",
          "assetId": "ymzbagzE2ks6",
          "checksum": "788b9994c25477407781fd29cd2b1a87"
        },
        {
          "type": "image",
          "assetId": "aNqCzpLFk9ca",
          "checksum": "6c97aef5ced65327106c5983d2d094e0"
        },
        {
          "type": "image",
          "assetId": "BVRvjCvLUZwO",
          "checksum": "5a2de65bae67849241114454ea62c927"
        },
        {
          "type": "image",
          "assetId": "GSPRNpkDE7dc",
          "checksum": "45c3cc82ae03c06cbd5491d57564f580"
        },
        {
          "type": "image",
          "assetId": "xxHwBVDnbj6U",
          "checksum": "3b5ea391cd4043fa80b1673ebc351405"
        },
        {
          "type": "image",
          "assetId": "ItqZRqGoeKeg",
          "checksum": "66d20ba808476c7a251533ce5ebbc3d0"
        },
        {
          "type": "image",
          "assetId": "geRkulf-gxBI",
          "checksum": "0deb293d4abb3d02691932790047760b"
        },
        {
          "type": "image",
          "assetId": "u7JNCqylatb9",
          "checksum": "1c927f5a899bf343f4bdd82364a791a8"
        },
        {
          "type": "image",
          "assetId": "VlapaXMYK45t",
          "checksum": "ab22db5d04fa60883fd88218701b3f51"
        },
        {
          "type": "image",
          "assetId": "KbxvSIpXhPJ2",
          "checksum": "f432294ee24f3cebd715a9b68380b135"
        },
        {
          "type": "image",
          "assetId": "z9PSARqr8Ro4",
          "checksum": "22c804a5376af2af1fcc4f081329f237"
        },
        {
          "type": "image",
          "assetId": "6iNq5tNkMc9g",
          "checksum": "5587a44fa0b2dacd64d81759e3cc4239"
        },
        {
          "type": "image",
          "assetId": "-r0kemqCSgDg",
          "checksum": "1596bffed24e4f64664ab624014c7070"
        },
        {
          "type": "image",
          "assetId": "KWl_8whFOVr4",
          "checksum": "ff98433ea1d06854f164aec452db1da8"
        },
        {
          "type": "image",
          "assetId": "S3UoTZ0SPUXz",
          "checksum": "d0e1b76297078748650d4e72efd10bca"
        },
        {
          "type": "image",
          "assetId": "pyiZqXbBeffG",
          "checksum": "be4d939b4a9c59e4aecfd16ad9c5ee21"
        },
        {
          "type": "image",
          "assetId": "WiQxAdDb4RkO",
          "checksum": "a6aca36c0ecabf9dcf51fc277961302d"
        },
        {
          "type": "image",
          "assetId": "nM4ND4sYXFVO",
          "checksum": "01ec64296702e78036623ab2bd91d2ef"
        },
        {
          "type": "image",
          "assetId": "VoQdGUp3IfgV",
          "checksum": "031d41f317ab97434d4eabeb4c2b110a"
        },
        {
          "type": "image",
          "assetId": "ux98uO4C3iIG",
          "checksum": "df210869e2b36230c8af412af52720f9"
        },
        {
          "type": "image",
          "assetId": "N78-m_tu2wXK",
          "checksum": "87b9d4c066fad2b6fe099c7385549c1f"
        },
        {
          "type": "image",
          "assetId": "EKcLF9GDmOz3",
          "checksum": "d1351a114376cf63b64b2dc8204d2cfb"
        },
        {
          "type": "image",
          "assetId": "g27KtrwXLoUY",
          "checksum": "af73895a01f8530b88bc835d9c83639e"
        },
        {
          "type": "image",
          "assetId": "V2Dn2dB7Q-K_",
          "checksum": "cee6b510dfcae24154033b61a8f7385b"
        },
        {
          "type": "image",
          "assetId": "Lfp6pt0XDqpG",
          "checksum": "ace15b43d8b192eed4c520a363459a7a"
        },
        {
          "type": "image",
          "assetId": "bNdAygyI1xq2",
          "checksum": "b6e4adf4548f6131f76400ca6845a655"
        },
        {
          "assetId": "c4FCQiVEmUqfPef3MjSmg8",
          "type": "projectCss",
          "checksum": "bd69dec5e300527f9539cf62087d68ad"
        }
      ],
      "codegenVersion": "0.0.1"
    }
  ],
  "cliVersion": "0.1.331"
}
